{
  "name": "@wychmod-cn/testcase-generator-skill",
  "version": "2.1.0",
  "lockfileVersion": 3,
  "requires": true,
  "packages": {
    "": {
      "name": "@wychmod-cn/testcase-generator-skill",
      "version": "2.1.0",
      "license": "MIT",
      "dependencies": {
        "@wychmod-cn/testcase-generator-skill": "^2.1.0"
      },
      "bin": {
        "test-generator": "bin/test-generator.js"
      },
      "engines": {
        "node": ">=18"
      }
    },
    "node_modules/@wychmod-cn/testcase-generator-skill": {
      "version": "2.1.0",
      "resolved": "https://mirrors.tencent.com/npm/@wychmod-cn/testcase-generator-skill/-/testcase-generator-skill-2.1.0.tgz",
      "integrity": "sha512-t7oaN9ORTc7A5CWu3aOzRKSSJbzE0vjSorScg8d4VY8I3CUonSGU2JKT0HH2nF30Wc4YXhI5Rhb+x8M35hOZBw==",
      "license": "MIT",
      "bin": {
        "test-generator": "bin/test-generator.js"
      },
      "engines": {
        "node": ">=18"
      }
    }
  }
}
